
Microsoft Visual Studio Solution File, Format Version 12.00
# Visual Studio Version 16
VisualStudioVersion = 16.0.29318.209
MinimumVisualStudioVersion = 10.0.40219.1
Project("{FAE04EC0-301F-11D3-BF4B-00C04F79EFBC}") = "Inertia", "Inertia\Inertia.csproj", "{C1A6CE71-9FA3-4F2D-AF55-04188A041995}"
EndProject
Project("{FAE04EC0-301F-11D3-BF4B-00C04F79EFBC}") = "Inertia.ORM", "Inertia.ORM\Inertia.ORM.csproj", "{46D66FDA-33C9-4BBC-8D2C-9B13B3E7CF48}"
EndProject
Global
	GlobalSection(SolutionConfigurationPlatforms) = preSolution
		Debug|Any CPU = Debug|Any CPU
		Release|Any CPU = Release|Any CPU
	EndGlobalSection
	GlobalSection(ProjectConfigurationPlatforms) = postSolution
		{C1A6CE71-9FA3-4F2D-AF55-04188A041995}.Debug|Any CPU.ActiveCfg = Debug|Any CPU
		{C1A6CE71-9FA3-4F2D-AF55-04188A041995}.Debug|Any CPU.Build.0 = Debug|Any CPU
		{C1A6CE71-9FA3-4F2D-AF55-04188A041995}.Release|Any CPU.ActiveCfg = Release|Any CPU
		{C1A6CE71-9FA3-4F2D-AF55-04188A041995}.Release|Any CPU.Build.0 = Release|Any CPU
		{46D66FDA-33C9-4BBC-8D2C-9B13B3E7CF48}.Debug|Any CPU.ActiveCfg = Debug|Any CPU
		{46D66FDA-33C9-4BBC-8D2C-9B13B3E7CF48}.Debug|Any CPU.Build.0 = Debug|Any CPU
		{46D66FDA-33C9-4BBC-8D2C-9B13B3E7CF48}.Release|Any CPU.ActiveCfg = Release|Any CPU
		{46D66FDA-33C9-4BBC-8D2C-9B13B3E7CF48}.Release|Any CPU.Build.0 = Release|Any CPU
	EndGlobalSection
	GlobalSection(SolutionProperties) = preSolution
		HideSolutionNode = FALSE
	EndGlobalSection
	GlobalSection(ExtensibilityGlobals) = postSolution
		SolutionGuid = {E0C86880-00CE-4961-82F3-0D7C5864B6D4}
	EndGlobalSection
EndGlobal
