
Microsoft Visual Studio Solution File, Format Version 12.00
# Visual Studio Version 16
VisualStudioVersion = 16.0.31321.278
MinimumVisualStudioVersion = 10.0.40219.1
Project("{FAE04EC0-301F-11D3-BF4B-00C04F79EFBC}") = "Inertia", "Inertia.csproj", "{445EE1E5-7BE7-47D4-A6FD-B2DFF62F118A}"
EndProject
Project("{FAE04EC0-301F-11D3-BF4B-00C04F79EFBC}") = "Inertia.Network", "Inertia.Network\Inertia.Network.csproj", "{68811FE4-A94E-4376-8FB9-EDF0E99A368B}"
EndProject
Project("{FAE04EC0-301F-11D3-BF4B-00C04F79EFBC}") = "Inertia.Runtime", "Inertia.Runtime\Inertia.Runtime.csproj", "{C5761D50-C1FC-457E-99EA-11337972E00D}"
EndProject
Project("{FAE04EC0-301F-11D3-BF4B-00C04F79EFBC}") = "Inertia.ORM", "Inertia.ORM\Inertia.ORM.csproj", "{D5C9811A-B507-4FF7-B8CB-A061CD24C83C}"
EndProject
Project("{2150E333-8FDC-42A3-9474-1A3956D46DE8}") = ".NET Core 3.1", ".NET Core 3.1", "{995BBA1E-BDCA-44DE-B0CD-4F98A0876649}"
EndProject
Project("{FAE04EC0-301F-11D3-BF4B-00C04F79EFBC}") = "Inertia", ".NET Core 3.1\Inertia\Inertia.csproj", "{67CE7EB4-B9F5-4FF0-98DD-FC286E4D0D05}"
EndProject
Project("{FAE04EC0-301F-11D3-BF4B-00C04F79EFBC}") = "Inertia.ORM", ".NET Core 3.1\Inertia.ORM\Inertia.ORM.csproj", "{6541822D-517A-472B-BCAD-D98DEF8147B7}"
EndProject
Global
	GlobalSection(SolutionConfigurationPlatforms) = preSolution
		Debug|Any CPU = Debug|Any CPU
		Release|Any CPU = Release|Any CPU
	EndGlobalSection
	GlobalSection(ProjectConfigurationPlatforms) = postSolution
		{445EE1E5-7BE7-47D4-A6FD-B2DFF62F118A}.Debug|Any CPU.ActiveCfg = Debug|Any CPU
		{445EE1E5-7BE7-47D4-A6FD-B2DFF62F118A}.Debug|Any CPU.Build.0 = Debug|Any CPU
		{445EE1E5-7BE7-47D4-A6FD-B2DFF62F118A}.Release|Any CPU.ActiveCfg = Release|Any CPU
		{445EE1E5-7BE7-47D4-A6FD-B2DFF62F118A}.Release|Any CPU.Build.0 = Release|Any CPU
		{68811FE4-A94E-4376-8FB9-EDF0E99A368B}.Debug|Any CPU.ActiveCfg = Debug|Any CPU
		{68811FE4-A94E-4376-8FB9-EDF0E99A368B}.Debug|Any CPU.Build.0 = Debug|Any CPU
		{68811FE4-A94E-4376-8FB9-EDF0E99A368B}.Release|Any CPU.ActiveCfg = Release|Any CPU
		{68811FE4-A94E-4376-8FB9-EDF0E99A368B}.Release|Any CPU.Build.0 = Release|Any CPU
		{C5761D50-C1FC-457E-99EA-11337972E00D}.Debug|Any CPU.ActiveCfg = Debug|Any CPU
		{C5761D50-C1FC-457E-99EA-11337972E00D}.Debug|Any CPU.Build.0 = Debug|Any CPU
		{C5761D50-C1FC-457E-99EA-11337972E00D}.Release|Any CPU.ActiveCfg = Release|Any CPU
		{C5761D50-C1FC-457E-99EA-11337972E00D}.Release|Any CPU.Build.0 = Release|Any CPU
		{D5C9811A-B507-4FF7-B8CB-A061CD24C83C}.Debug|Any CPU.ActiveCfg = Debug|Any CPU
		{D5C9811A-B507-4FF7-B8CB-A061CD24C83C}.Debug|Any CPU.Build.0 = Debug|Any CPU
		{D5C9811A-B507-4FF7-B8CB-A061CD24C83C}.Release|Any CPU.ActiveCfg = Release|Any CPU
		{D5C9811A-B507-4FF7-B8CB-A061CD24C83C}.Release|Any CPU.Build.0 = Release|Any CPU
		{67CE7EB4-B9F5-4FF0-98DD-FC286E4D0D05}.Debug|Any CPU.ActiveCfg = Debug|Any CPU
		{67CE7EB4-B9F5-4FF0-98DD-FC286E4D0D05}.Debug|Any CPU.Build.0 = Debug|Any CPU
		{67CE7EB4-B9F5-4FF0-98DD-FC286E4D0D05}.Release|Any CPU.ActiveCfg = Release|Any CPU
		{67CE7EB4-B9F5-4FF0-98DD-FC286E4D0D05}.Release|Any CPU.Build.0 = Release|Any CPU
		{6541822D-517A-472B-BCAD-D98DEF8147B7}.Debug|Any CPU.ActiveCfg = Debug|Any CPU
		{6541822D-517A-472B-BCAD-D98DEF8147B7}.Debug|Any CPU.Build.0 = Debug|Any CPU
		{6541822D-517A-472B-BCAD-D98DEF8147B7}.Release|Any CPU.ActiveCfg = Release|Any CPU
		{6541822D-517A-472B-BCAD-D98DEF8147B7}.Release|Any CPU.Build.0 = Release|Any CPU
	EndGlobalSection
	GlobalSection(SolutionProperties) = preSolution
		HideSolutionNode = FALSE
	EndGlobalSection
	GlobalSection(NestedProjects) = preSolution
		{67CE7EB4-B9F5-4FF0-98DD-FC286E4D0D05} = {995BBA1E-BDCA-44DE-B0CD-4F98A0876649}
		{6541822D-517A-472B-BCAD-D98DEF8147B7} = {995BBA1E-BDCA-44DE-B0CD-4F98A0876649}
	EndGlobalSection
	GlobalSection(ExtensibilityGlobals) = postSolution
		SolutionGuid = {A870FAC4-EEF9-43D7-A155-67F25FD80CCC}
	EndGlobalSection
EndGlobal
